// !$*UTF8*$!
{
	archiveVersion = 1;
	classes = {
	};
	objectVersion = 77;
	objects = {

/* Begin PBXContainerItemProxy section */
		FA7835E92F1948440067FCA2 /* PBXContainerItemProxy */ = {
			isa = PBXContainerItemProxy;
			containerPortal = FA7835D12F1948430067FCA2 /* Project object */;
			proxyType = 1;
			remoteGlobalIDString = FA7835D82F1948430067FCA2;
			remoteInfo = RoundCount;
		};
		FA7835F32F1948440067FCA2 /* PBXContainerItemProxy */ = {
			isa = PBXContainerItemProxy;
			containerPortal = FA7835D12F1948430067FCA2 /* Project object */;
			proxyType = 1;
			remoteGlobalIDString = FA7835D82F1948430067FCA2;
			remoteInfo = RoundCount;
		};
/* End PBXContainerItemProxy section */

/* Begin PBXFileReference section */
		FA7835D92F1948430067FCA2 /* RoundCount.app */ = {isa = PBXFileReference; explicitFileType = wrapper.application; includeInIndex = 0; path = RoundCount.app; sourceTree = BUILT_PRODUCTS_DIR; };
		FA7835E82F1948440067FCA2 /* RoundCountTests.xctest */ = {isa = PBXFileReference; explicitFileType = wrapper.cfbundle; includeInIndex = 0; path = RoundCountTests.xctest; sourceTree = BUILT_PRODUCTS_DIR; };
		FA7835F22F1948440067FCA2 /* RoundCountUITests.xctest */ = {isa = PBXFileReference; explicitFileType = wrapper.cfbundle; includeInIndex = 0; path = RoundCountUITests.xctest; sourceTree = BUILT_PRODUCTS_DIR; };
/* End PBXFileReference section */

/* Begin PBXFileSystemSynchronizedRootGroup section */
		FA7835DB2F1948430067FCA2 /* RoundCount */ = {
			isa = PBXFileSystemSynchronizedRootGroup;
			path = RoundCount;
			sourceTree = "<group>";
		};
		FA7835EB2F1948440067FCA2 /* RoundCountTests */ = {
			isa = PBXFileSystemSynchronizedRootGroup;
			path = RoundCountTests;
			sourceTree = "<group>";
		};
		FA7835F52F1948440067FCA2 /* RoundCountUITests */ = {
			isa = PBXFileSystemSynchronizedRootGroup;
			path = RoundCountUITests;
			sourceTree = "<group>";
		};
/* End PBXFileSystemSynchronizedRootGroup section */

/* Begin PBXFrameworksBuildPhase section */
		FA7835D62F1948430067FCA2 /* Frameworks */ = {
			isa = PBXFrameworksBuildPhase;
			buildActionMask = 2147483647;
			files = (
			);
			runOnlyForDeploymentPostprocessing = 0;
		};
		FA7835E52F1948440067FCA2 /* Frameworks */ = {
			isa = PBXFrameworksBuildPhase;
			buildActionMask = 2147483647;
			files = (
			);
			runOnlyForDeploymentPostprocessing = 0;
		};
		FA7835EF2F1948440067FCA2 /* Frameworks */ = {
			isa = PBXFrameworksBuildPhase;
			buildActionMask = 2147483647;
			files = (
			);
			runOnlyForDeploymentPostprocessing = 0;
		};
/* End PBXFrameworksBuildPhase section */

/* Begin PBXGroup section */
		FA7835D02F1948430067FCA2 = {
			isa = PBXGroup;
			children = (
				FA7835DB2F1948430067FCA2 /* RoundCount */,
				FA7835EB2F1948440067FCA2 /* RoundCountTests */,
				FA7835F52F1948440067FCA2 /* RoundCountUITests */,
				FA7835DA2F1948430067FCA2 /* Products */,
			);
			sourceTree = "<group>";
		};
		FA7835DA2F1948430067FCA2 /* Products */ = {
			isa = PBXGroup;
			children = (
				FA7835D92F1948430067FCA2 /* RoundCount.app */,
				FA7835E82F1948440067FCA2 /* RoundCountTests.xctest */,
				FA7835F22F1948440067FCA2 /* RoundCountUITests.xctest */,
			);
			name = Products;
			sourceTree = "<group>";
		};
/* End PBXGroup section */

/* Begin PBXNativeTarget section */
		FA7835D82F1948430067FCA2 /* RoundCount */ = {
			isa = PBXNativeTarget;
			buildConfigurationList = FA7835FC2F1948440067FCA2 /* Build configuration list for PBXNativeTarget "RoundCount" */;
			buildPhases = (
				FA7835D52F1948430067FCA2 /* Sources */,
				FA7835D62F1948430067FCA2 /* Frameworks */,
				FA7835D72F1948430067FCA2 /* Resources */,
			);
			buildRules = (
			);
			dependencies = (
			);
			fileSystemSynchronizedGroups = (
				FA7835DB2F1948430067FCA2 /* RoundCount */,
			);
			name = RoundCount;
			packageProductDependencies = (
			);
			productName = RoundCount;
			productReference = FA7835D92F1948430067FCA2 /* RoundCount.app */;
			productType = "com.apple.product-type.application";
		};
		FA7835E72F1948440067FCA2 /* RoundCountTests */ = {
			isa = PBXNativeTarget;
			buildConfigurationList = FA7835FF2F1948440067FCA2 /* Build configuration list for PBXNativeTarget "RoundCountTests" */;
			buildPhases = (
				FA7835E42F1948440067FCA2 /* Sources */,
				FA7835E52F1948440067FCA2 /* Frameworks */,
				FA7835E62F1948440067FCA2 /* Resources */,
			);
			buildRules = (
			);
			dependencies = (
				FA7835EA2F1948440067FCA2 /* PBXTargetDependency */,
			);
			fileSystemSynchronizedGroups = (
				FA7835EB2F1948440067FCA2 /* RoundCountTests */,
			);
			name = RoundCountTests;
			packageProductDependencies = (
			);
			productName = RoundCountTests;
			productReference = FA7835E82F1948440067FCA2 /* RoundCountTests.xctest */;
			productType = "com.apple.product-type.bundle.unit-test";
		};
		FA7835F12F1948440067FCA2 /* RoundCountUITests */ = {
			isa = PBXNativeTarget;
			buildConfigurationList = FA7836022F1948440067FCA2 /* Build configuration list for PBXNativeTarget "RoundCountUITests" */;
			buildPhases = (
				FA7835EE2F1948440067FCA2 /* Sources */,
				FA7835EF2F1948440067FCA2 /* Frameworks */,
				FA7835F02F1948440067FCA2 /* Resources */,
			);
			buildRules = (
			);
			dependencies = (
				FA7835F42F1948440067FCA2 /* PBXTargetDependency */,
			);
			fileSystemSynchronizedGroups = (
				FA7835F52F1948440067FCA2 /* RoundCountUITests */,
			);
			name = RoundCountUITests;
			packageProductDependencies = (
			);
			productName = RoundCountUITests;
			productReference = FA7835F22F1948440067FCA2 /* RoundCountUITests.xctest */;
			productType = "com.apple.product-type.bundle.ui-testing";
		};
/* End PBXNativeTarget section */

/* Begin PBXProject section */
		FA7835D12F1948430067FCA2 /* Project object */ = {
			isa = PBXProject;
			attributes = {
				BuildIndependentTargetsInParallel = 1;
				LastSwiftUpdateCheck = 2600;
				LastUpgradeCheck = 2600;
				TargetAttributes = {
					FA7835D82F1948430067FCA2 = {
						CreatedOnToolsVersion = 26.0.1;
					};
					FA7835E72F1948440067FCA2 = {
						CreatedOnToolsVersion = 26.0.1;
						TestTargetID = FA7835D82F1948430067FCA2;
					};
					FA7835F12F1948440067FCA2 = {
						CreatedOnToolsVersion = 26.0.1;
						TestTargetID = FA7835D82F1948430067FCA2;
					};
				};
			};
			buildConfigurationList = FA7835D42F1948430067FCA2 /* Build configuration list for PBXProject "RoundCount" */;
			developmentRegion = en;
			hasScannedForEncodings = 0;
			knownRegions = (
				en,
				Base,
			);
			mainGroup = FA7835D02F1948430067FCA2;
			minimizedProjectReferenceProxies = 1;
			preferredProjectObjectVersion = 77;
			productRefGroup = FA7835DA2F1948430067FCA2 /* Products */;
			projectDirPath = "";
			projectRoot = "";
			targets = (
				FA7835D82F1948430067FCA2 /* RoundCount */,
				FA7835E72F1948440067FCA2 /* RoundCountTests */,
				FA7835F12F1948440067FCA2 /* RoundCountUITests */,
			);
		};
/* End PBXProject section */

/* Begin PBXResourcesBuildPhase section */
		FA7835D72F1948430067FCA2 /* Resources */ = {
			isa = PBXResourcesBuildPhase;
			buildActionMask = 2147483647;
			files = (
			);
			runOnlyForDeploymentPostprocessing = 0;
		};
		FA7835E62F1948440067FCA2 /* Resources */ = {
			isa = PBXResourcesBuildPhase;
			buildActionMask = 2147483647;
			files = (
			);
			runOnlyForDeploymentPostprocessing = 0;
		};
		FA7835F02F1948440067FCA2 /* Resources */ = {
			isa = PBXResourcesBuildPhase;
			buildActionMask = 2147483647;
			files = (
			);
			runOnlyForDeploymentPostprocessing = 0;
		};
/* End PBXResourcesBuildPhase section */

/* Begin PBXSourcesBuildPhase section */
		FA7835D52F1948430067FCA2 /* Sources */ = {
			isa = PBXSourcesBuildPhase;
			buildActionMask = 2147483647;
			files = (
			);
			runOnlyForDeploymentPostprocessing = 0;
		};
		FA7835E42F1948440067FCA2 /* Sources */ = {
			isa = PBXSourcesBuildPhase;
			buildActionMask = 2147483647;
			files = (
			);
			runOnlyForDeploymentPostprocessing = 0;
		};
		FA7835EE2F1948440067FCA2 /* Sources */ = {
			isa = PBXSourcesBuildPhase;
			buildActionMask = 2147483647;
			files = (
			);
			runOnlyForDeploymentPostprocessing = 0;
		};
/* End PBXSourcesBuildPhase section */

/* Begin PBXTargetDependency section */
		FA7835EA2F1948440067FCA2 /* PBXTargetDependency */ = {
			isa = PBXTargetDependency;
			target = FA7835D82F1948430067FCA2 /* RoundCount */;
			targetProxy = FA7835E92F1948440067FCA2 /* PBXContainerItemProxy */;
		};
		FA7835F42F1948440067FCA2 /* PBXTargetDependency */ = {
			isa = PBXTargetDependency;
			target = FA7835D82F1948430067FCA2 /* RoundCount */;
			targetProxy = FA7835F32F1948440067FCA2 /* PBXContainerItemProxy */;
		};
/* End PBXTargetDependency section */

/* Begin XCBuildConfiguration section */
		FA7835FA2F1948440067FCA2 /* Debug */ = {
			isa = XCBuildConfiguration;
			buildSettings = {
				ALWAYS_SEARCH_USER_PATHS = NO;
				ASSETCATALOG_COMPILER_GENERATE_SWIFT_ASSET_SYMBOL_EXTENSIONS = YES;
				CLANG_ANALYZER_NONNULL = YES;
				CLANG_ANALYZER_NUMBER_OBJECT_CONVERSION = YES_AGGRESSIVE;
				CLANG_CXX_LANGUAGE_STANDARD = "gnu++20";
				CLANG_ENABLE_MODULES = YES;
				CLANG_ENABLE_OBJC_ARC = YES;
				CLANG_ENABLE_OBJC_WEAK = YES;
				CLANG_WARN_BLOCK_CAPTURE_AUTORELEASING = YES;
				CLANG_WARN_BOOL_CONVERSION = YES;
				CLANG_WARN_COMMA = YES;
				CLANG_WARN_CONSTANT_CONVERSION = YES;
				CLANG_WARN_DEPRECATED_OBJC_IMPLEMENTATIONS = YES;
				CLANG_WARN_DIRECT_OBJC_ISA_USAGE = YES_ERROR;
				CLANG_WARN_DOCUMENTATION_COMMENTS = YES;
				CLANG_WARN_EMPTY_BODY = YES;
				CLANG_WARN_ENUM_CONVERSION = YES;
				CLANG_WARN_INFINITE_RECURSION = YES;
				CLANG_WARN_INT_CONVERSION = YES;
				CLANG_WARN_NON_LITERAL_NULL_CONVERSION = YES;
				CLANG_WARN_OBJC_IMPLICIT_RETAIN_SELF = YES;
				CLANG_WARN_OBJC_LITERAL_CONVERSION = YES;
				CLANG_WARN_OBJC_ROOT_CLASS = YES_ERROR;
				CLANG_WARN_QUOTED_INCLUDE_IN_FRAMEWORK_HEADER = YES;
				CLANG_WARN_RANGE_LOOP_ANALYSIS = YES;
				CLANG_WARN_STRICT_PROTOTYPES = YES;
				CLANG_WARN_SUSPICIOUS_MOVE = YES;
				CLANG_WARN_UNGUARDED_AVAILABILITY = YES_AGGRESSIVE;
				CLANG_WARN_UNREACHABLE_CODE = YES;
				CLANG_WARN__DUPLICATE_METHOD_MATCH = YES;
				COPY_PHASE_STRIP = NO;
				DEBUG_INFORMATION_FORMAT = dwarf;
				DEVELOPMENT_TEAM = 7Q4XZQ6V3Q;
				ENABLE_STRICT_OBJC_MSGSEND = YES;
				ENABLE_TESTABILITY = YES;
				ENABLE_USER_SCRIPT_SANDBOXING = YES;
				GCC_C_LANGUAGE_STANDARD = gnu17;
				GCC_DYNAMIC_NO_PIC = NO;
				GCC_NO_COMMON_BLOCKS = YES;
				GCC_OPTIMIZATION_LEVEL = 0;
				GCC_PREPROCESSOR_DEFINITIONS = (
					"DEBUG=1",
					"$(inherited)",
				);
				GCC_WARN_64_TO_32_BIT_CONVERSION = YES;
				GCC_WARN_ABOUT_RETURN_TYPE = YES_ERROR;
				GCC_WARN_UNDECLARED_SELECTOR = YES;
				GCC_WARN_UNINITIALIZED_AUTOS = YES_AGGRESSIVE;
				GCC_WARN_UNUSED_FUNCTION = YES;
				GCC_WARN_UNUSED_VARIABLE = YES;
				IPHONEOS_DEPLOYMENT_TARGET = 26.0;
				LOCALIZATION_PREFERS_STRING_CATALOGS = YES;
				MTL_ENABLE_DEBUG_INFO = INCLUDE_SOURCE;
				MTL_FAST_MATH = YES;
				ONLY_ACTIVE_ARCH = YES;
				SDKROOT = iphoneos;
				SWIFT_ACTIVE_COMPILATION_CONDITIONS = "DEBUG $(inherited)";
				SWIFT_OPTIMIZATION_LEVEL = "-Onone";
			};
			name = Debug;
		};
		FA7835FB2F1948440067FCA2 /* Release */ = {
			isa = XCBuildConfiguration;
			buildSettings = {
				ALWAYS_SEARCH_USER_PATHS = NO;
				ASSETCATALOG_COMPILER_GENERATE_SWIFT_ASSET_SYMBOL_EXTENSIONS = YES;
				CLANG_ANALYZER_NONNULL = YES;
				CLANG_ANALYZER_NUMBER_OBJECT_CONVERSION = YES_AGGRESSIVE;
				CLANG_CXX_LANGUAGE_STANDARD = "gnu++20";
				CLANG_ENABLE_MODULES = YES;
				CLANG_ENABLE_OBJC_ARC = YES;
				CLANG_ENABLE_OBJC_WEAK = YES;
				CLANG_WARN_BLOCK_CAPTURE_AUTORELEASING = YES;
				CLANG_WARN_BOOL_CONVERSION = YES;
				CLANG_WARN_COMMA = YES;
				CLANG_WARN_CONSTANT_CONVERSION = YES;
				CLANG_WARN_DEPRECATED_OBJC_IMPLEMENTATIONS = YES;
				CLANG_WARN_DIRECT_OBJC_ISA_USAGE = YES_ERROR;
				CLANG_WARN_DOCUMENTATION_COMMENTS = YES;
				CLANG_WARN_EMPTY_BODY = YES;
				CLANG_WARN_ENUM_CONVERSION = YES;
				CLANG_WARN_INFINITE_RECURSION = YES;
				CLANG_WARN_INT_CONVERSION = YES;
				CLANG_WARN_NON_LITERAL_NULL_CONVERSION = YES;
				CLANG_WARN_OBJC_IMPLICIT_RETAIN_SELF = YES;
				CLANG_WARN_OBJC_LITERAL_CONVERSION = YES;
				CLANG_WARN_OBJC_ROOT_CLASS = YES_ERROR;
				CLANG_WARN_QUOTED_INCLUDE_IN_FRAMEWORK_HEADER = YES;
				CLANG_WARN_RANGE_LOOP_ANALYSIS = YES;
				CLANG_WARN_STRICT_PROTOTYPES = YES;
				CLANG_WARN_SUSPICIOUS_MOVE = YES;
				CLANG_WARN_UNGUARDED_AVAILABILITY = YES_AGGRESSIVE;
				CLANG_WARN_UNREACHABLE_CODE = YES;
				CLANG_WARN__DUPLICATE_METHOD_MATCH = YES;
				COPY_PHASE_STRIP = NO;
				DEBUG_INFORMATION_FORMAT = "dwarf-with-dsym";
				DEVELOPMENT_TEAM = 7Q4XZQ6V3Q;
				ENABLE_NS_ASSERTIONS = NO;
				ENABLE_STRICT_OBJC_MSGSEND = YES;
				ENABLE_USER_SCRIPT_SANDBOXING = YES;
				GCC_C_LANGUAGE_STANDARD = gnu17;
				GCC_NO_COMMON_BLOCKS = YES;
				GCC_WARN_64_TO_32_BIT_CONVERSION = YES;
				GCC_WARN_ABOUT_RETURN_TYPE = YES_ERROR;
				GCC_WARN_UNDECLARED_SELECTOR = YES;
				GCC_WARN_UNINITIALIZED_AUTOS = YES_AGGRESSIVE;
				GCC_WARN_UNUSED_FUNCTION = YES;
				GCC_WARN_UNUSED_VARIABLE = YES;
				IPHONEOS_DEPLOYMENT_TARGET = 26.0;
				LOCALIZATION_PREFERS_STRING_CATALOGS = YES;
				MTL_ENABLE_DEBUG_INFO = NO;
				MTL_FAST_MATH = YES;
				SDKROOT = iphoneos;
				SWIFT_COMPILATION_MODE = wholemodule;
				VALIDATE_PRODUCT = YES;
			};
			name = Release;
		};
		FA7835FD2F1948440067FCA2 /* Debug */ = {
			isa = XCBuildConfiguration;
			buildSettings = {
				ASSETCATALOG_COMPILER_APPICON_NAME = AppIcon;
				ASSETCATALOG_COMPILER_GLOBAL_ACCENT_COLOR_NAME = AccentColor;
				CODE_SIGN_STYLE = Automatic;
				CURRENT_PROJECT_VERSION = 3;
				DEVELOPMENT_TEAM = 7Q4XZQ6V3Q;
				ENABLE_PREVIEWS = YES;
				GENERATE_INFOPLIST_FILE = YES;
				INFOPLIST_KEY_LSApplicationCategoryType = "public.app-category.lifestyle";
				INFOPLIST_KEY_NSCameraUsageDescription = "We use the camera to capture target photos for your session";
				INFOPLIST_KEY_NSPhotoLibraryAddUsageDescription = "Allow saving captured photos to your library.";
				INFOPLIST_KEY_NSPhotoLibraryUsageDescription = "Allow access to select photos for attaching to sessions.";
				INFOPLIST_KEY_UIApplicationSceneManifest_Generation = YES;
				INFOPLIST_KEY_UIApplicationSupportsIndirectInputEvents = YES;
				INFOPLIST_KEY_UILaunchScreen_Generation = YES;
				INFOPLIST_KEY_UISupportedInterfaceOrientations_iPad = "UIInterfaceOrientationPortrait UIInterfaceOrientationPortraitUpsideDown UIInterfaceOrientationLandscapeLeft UIInterfaceOrientationLandscapeRight";
				INFOPLIST_KEY_UISupportedInterfaceOrientations_iPhone = "UIInterfaceOrientationPortrait UIInterfaceOrientationLandscapeLeft UIInterfaceOrientationLandscapeRight";
				LD_RUNPATH_SEARCH_PATHS = (
					"$(inherited)",
					"@executable_path/Frameworks",
				);
				MARKETING_VERSION = 0.9.2;
				PRODUCT_BUNDLE_IDENTIFIER = schaffer.tech.RoundCount;
				PRODUCT_NAME = "$(TARGET_NAME)";
				STRING_CATALOG_GENERATE_SYMBOLS = YES;
				SWIFT_APPROACHABLE_CONCURRENCY = YES;
				SWIFT_DEFAULT_ACTOR_ISOLATION = MainActor;
				SWIFT_EMIT_LOC_STRINGS = YES;
				SWIFT_UPCOMING_FEATURE_MEMBER_IMPORT_VISIBILITY = YES;
				SWIFT_VERSION = 5.0;
				TARGETED_DEVICE_FAMILY = "1,2";
			};
			name = Debug;
		};
		FA7835FE2F1948440067FCA2 /* Release */ = {
			isa = XCBuildConfiguration;
			buildSettings = {
				ASSETCATALOG_COMPILER_APPICON_NAME = AppIcon;
				ASSETCATALOG_COMPILER_GLOBAL_ACCENT_COLOR_NAME = AccentColor;
				CODE_SIGN_STYLE = Automatic;
				CURRENT_PROJECT_VERSION = 3;
				DEVELOPMENT_TEAM = 7Q4XZQ6V3Q;
				ENABLE_PREVIEWS = YES;
				GENERATE_INFOPLIST_FILE = YES;
				INFOPLIST_KEY_LSApplicationCategoryType = "public.app-category.lifestyle";
				INFOPLIST_KEY_NSCameraUsageDescription = "We use the camera to capture target photos for your session";
				INFOPLIST_KEY_NSPhotoLibraryAddUsageDescription = "Allow saving captured photos to your library.";
				INFOPLIST_KEY_NSPhotoLibraryUsageDescription = "Allow access to select photos for attaching to sessions.";
				INFOPLIST_KEY_UIApplicationSceneManifest_Generation = YES;
				INFOPLIST_KEY_UIApplicationSupportsIndirectInputEvents = YES;
				INFOPLIST_KEY_UILaunchScreen_Generation = YES;
				INFOPLIST_KEY_UISupportedInterfaceOrientations_iPad = "UIInterfaceOrientationPortrait UIInterfaceOrientationPortraitUpsideDown UIInterfaceOrientationLandscapeLeft UIInterfaceOrientationLandscapeRight";
				INFOPLIST_KEY_UISupportedInterfaceOrientations_iPhone = "UIInterfaceOrientationPortrait UIInterfaceOrientationLandscapeLeft UIInterfaceOrientationLandscapeRight";
				LD_RUNPATH_SEARCH_PATHS = (
					"$(inherited)",
					"@executable_path/Frameworks",
				);
				MARKETING_VERSION = 0.9.2;
				PRODUCT_BUNDLE_IDENTIFIER = schaffer.tech.RoundCount;
				PRODUCT_NAME = "$(TARGET_NAME)";
				STRING_CATALOG_GENERATE_SYMBOLS = YES;
				SWIFT_APPROACHABLE_CONCURRENCY = YES;
				SWIFT_DEFAULT_ACTOR_ISOLATION = MainActor;
				SWIFT_EMIT_LOC_STRINGS = YES;
				SWIFT_UPCOMING_FEATURE_MEMBER_IMPORT_VISIBILITY = YES;
				SWIFT_VERSION = 5.0;
				TARGETED_DEVICE_FAMILY = "1,2";
			};
			name = Release;
		};
		FA7836002F1948440067FCA2 /* Debug */ = {
			isa = XCBuildConfiguration;
			buildSettings = {
				BUNDLE_LOADER = "$(TEST_HOST)";
				CODE_SIGN_STYLE = Automatic;
				CURRENT_PROJECT_VERSION = 1;
				DEVELOPMENT_TEAM = 7Q4XZQ6V3Q;
				GENERATE_INFOPLIST_FILE = YES;
				IPHONEOS_DEPLOYMENT_TARGET = 26.0;
				MARKETING_VERSION = 0.9.0;
				PRODUCT_BUNDLE_IDENTIFIER = schaffer.tech.RoundCountTests;
				PRODUCT_NAME = "$(TARGET_NAME)";
				STRING_CATALOG_GENERATE_SYMBOLS = NO;
				SWIFT_APPROACHABLE_CONCURRENCY = YES;
				SWIFT_EMIT_LOC_STRINGS = NO;
				SWIFT_UPCOMING_FEATURE_MEMBER_IMPORT_VISIBILITY = YES;
				SWIFT_VERSION = 5.0;
				TARGETED_DEVICE_FAMILY = "1,2";
				TEST_HOST = "$(BUILT_PRODUCTS_DIR)/RoundCount.app/$(BUNDLE_EXECUTABLE_FOLDER_PATH)/RoundCount";
			};
			name = Debug;
		};
		FA7836012F1948440067FCA2 /* Release */ = {
			isa = XCBuildConfiguration;
			buildSettings = {
				BUNDLE_LOADER = "$(TEST_HOST)";
				CODE_SIGN_STYLE = Automatic;
				CURRENT_PROJECT_VERSION = 1;
				DEVELOPMENT_TEAM = 7Q4XZQ6V3Q;
				GENERATE_INFOPLIST_FILE = YES;
				IPHONEOS_DEPLOYMENT_TARGET = 26.0;
				MARKETING_VERSION = 0.9.0;
				PRODUCT_BUNDLE_IDENTIFIER = schaffer.tech.RoundCountTests;
				PRODUCT_NAME = "$(TARGET_NAME)";
				STRING_CATALOG_GENERATE_SYMBOLS = NO;
				SWIFT_APPROACHABLE_CONCURRENCY = YES;
				SWIFT_EMIT_LOC_STRINGS = NO;
				SWIFT_UPCOMING_FEATURE_MEMBER_IMPORT_VISIBILITY = YES;
				SWIFT_VERSION = 5.0;
				TARGETED_DEVICE_FAMILY = "1,2";
				TEST_HOST = "$(BUILT_PRODUCTS_DIR)/RoundCount.app/$(BUNDLE_EXECUTABLE_FOLDER_PATH)/RoundCount";
			};
			name = Release;
		};
		FA7836032F1948440067FCA2 /* Debug */ = {
			isa = XCBuildConfiguration;
			buildSettings = {
				CODE_SIGN_STYLE = Automatic;
				CURRENT_PROJECT_VERSION = 1;
				DEVELOPMENT_TEAM = 7Q4XZQ6V3Q;
				GENERATE_INFOPLIST_FILE = YES;
				MARKETING_VERSION = 0.9.0;
				PRODUCT_BUNDLE_IDENTIFIER = schaffer.tech.RoundCountUITests;
				PRODUCT_NAME = "$(TARGET_NAME)";
				STRING_CATALOG_GENERATE_SYMBOLS = NO;
				SWIFT_APPROACHABLE_CONCURRENCY = YES;
				SWIFT_EMIT_LOC_STRINGS = NO;
				SWIFT_UPCOMING_FEATURE_MEMBER_IMPORT_VISIBILITY = YES;
				SWIFT_VERSION = 5.0;
				TARGETED_DEVICE_FAMILY = "1,2";
				TEST_TARGET_NAME = RoundCount;
			};
			name = Debug;
		};
		FA7836042F1948440067FCA2 /* Release */ = {
			isa = XCBuildConfiguration;
			buildSettings = {
				CODE_SIGN_STYLE = Automatic;
				CURRENT_PROJECT_VERSION = 1;
				DEVELOPMENT_TEAM = 7Q4XZQ6V3Q;
				GENERATE_INFOPLIST_FILE = YES;
				MARKETING_VERSION = 0.9.0;
				PRODUCT_BUNDLE_IDENTIFIER = schaffer.tech.RoundCountUITests;
				PRODUCT_NAME = "$(TARGET_NAME)";
				STRING_CATALOG_GENERATE_SYMBOLS = NO;
				SWIFT_APPROACHABLE_CONCURRENCY = YES;
				SWIFT_EMIT_LOC_STRINGS = NO;
				SWIFT_UPCOMING_FEATURE_MEMBER_IMPORT_VISIBILITY = YES;
				SWIFT_VERSION = 5.0;
				TARGETED_DEVICE_FAMILY = "1,2";
				TEST_TARGET_NAME = RoundCount;
			};
			name = Release;
		};
/* End XCBuildConfiguration section */

/* Begin XCConfigurationList section */
		FA7835D42F1948430067FCA2 /* Build configuration list for PBXProject "RoundCount" */ = {
			isa = XCConfigurationList;
			buildConfigurations = (
				FA7835FA2F1948440067FCA2 /* Debug */,
				FA7835FB2F1948440067FCA2 /* Release */,
			);
			defaultConfigurationIsVisible = 0;
			defaultConfigurationName = Release;
		};
		FA7835FC2F1948440067FCA2 /* Build configuration list for PBXNativeTarget "RoundCount" */ = {
			isa = XCConfigurationList;
			buildConfigurations = (
				FA7835FD2F1948440067FCA2 /* Debug */,
				FA7835FE2F1948440067FCA2 /* Release */,
			);
			defaultConfigurationIsVisible = 0;
			defaultConfigurationName = Release;
		};
		FA7835FF2F1948440067FCA2 /* Build configuration list for PBXNativeTarget "RoundCountTests" */ = {
			isa = XCConfigurationList;
			buildConfigurations = (
				FA7836002F1948440067FCA2 /* Debug */,
				FA7836012F1948440067FCA2 /* Release */,
			);
			defaultConfigurationIsVisible = 0;
			defaultConfigurationName = Release;
		};
		FA7836022F1948440067FCA2 /* Build configuration list for PBXNativeTarget "RoundCountUITests" */ = {
			isa = XCConfigurationList;
			buildConfigurations = (
				FA7836032F1948440067FCA2 /* Debug */,
				FA7836042F1948440067FCA2 /* Release */,
			);
			defaultConfigurationIsVisible = 0;
			defaultConfigurationName = Release;
		};
/* End XCConfigurationList section */
	};
	rootObject = FA7835D12F1948430067FCA2 /* Project object */;
}
